
Microsoft Visual Studio Solution File, Format Version 12.00
# Visual Studio Version 17
VisualStudioVersion = 17.7.34221.43
MinimumVisualStudioVersion = 10.0.40219.1
Project("{9A19103F-16F7-4668-BE54-9A1E7A4F7556}") = "PivotDataExport", "PivotDataExport\PivotDataExport.csproj", "{80D9D7AE-F842-45C7-B555-985C9602E850}"
EndProject
Project("{9A19103F-16F7-4668-BE54-9A1E7A4F7556}") = "Tests", "Tests\Tests.csproj", "{A7B4DD2E-DF97-43E2-9A97-9300FC39925D}"
EndProject
Project("{9A19103F-16F7-4668-BE54-9A1E7A4F7556}") = "Examples", "Test\Examples.csproj", "{65F8E9EF-2B21-4F20-AF1B-623D0FE626CE}"
EndProject
Project("{FAE04EC0-301F-11D3-BF4B-00C04F79EFBC}") = "Ptb", "Ptb\Ptb.csproj", "{97E72D5E-8333-47E3-81A0-4E9E97DC4238}"
EndProject
Global
	GlobalSection(SolutionConfigurationPlatforms) = preSolution
		Debug|Any CPU = Debug|Any CPU
		Release|Any CPU = Release|Any CPU
	EndGlobalSection
	GlobalSection(ProjectConfigurationPlatforms) = postSolution
		{80D9D7AE-F842-45C7-B555-985C9602E850}.Debug|Any CPU.ActiveCfg = Debug|Any CPU
		{80D9D7AE-F842-45C7-B555-985C9602E850}.Debug|Any CPU.Build.0 = Debug|Any CPU
		{80D9D7AE-F842-45C7-B555-985C9602E850}.Release|Any CPU.ActiveCfg = Release|Any CPU
		{80D9D7AE-F842-45C7-B555-985C9602E850}.Release|Any CPU.Build.0 = Release|Any CPU
		{A7B4DD2E-DF97-43E2-9A97-9300FC39925D}.Debug|Any CPU.ActiveCfg = Debug|Any CPU
		{A7B4DD2E-DF97-43E2-9A97-9300FC39925D}.Debug|Any CPU.Build.0 = Debug|Any CPU
		{A7B4DD2E-DF97-43E2-9A97-9300FC39925D}.Release|Any CPU.ActiveCfg = Release|Any CPU
		{A7B4DD2E-DF97-43E2-9A97-9300FC39925D}.Release|Any CPU.Build.0 = Release|Any CPU
		{65F8E9EF-2B21-4F20-AF1B-623D0FE626CE}.Debug|Any CPU.ActiveCfg = Debug|Any CPU
		{65F8E9EF-2B21-4F20-AF1B-623D0FE626CE}.Debug|Any CPU.Build.0 = Debug|Any CPU
		{65F8E9EF-2B21-4F20-AF1B-623D0FE626CE}.Release|Any CPU.ActiveCfg = Release|Any CPU
		{65F8E9EF-2B21-4F20-AF1B-623D0FE626CE}.Release|Any CPU.Build.0 = Release|Any CPU
		{97E72D5E-8333-47E3-81A0-4E9E97DC4238}.Debug|Any CPU.ActiveCfg = Debug|Any CPU
		{97E72D5E-8333-47E3-81A0-4E9E97DC4238}.Debug|Any CPU.Build.0 = Debug|Any CPU
		{97E72D5E-8333-47E3-81A0-4E9E97DC4238}.Release|Any CPU.ActiveCfg = Release|Any CPU
		{97E72D5E-8333-47E3-81A0-4E9E97DC4238}.Release|Any CPU.Build.0 = Release|Any CPU
	EndGlobalSection
	GlobalSection(SolutionProperties) = preSolution
		HideSolutionNode = FALSE
	EndGlobalSection
	GlobalSection(ExtensibilityGlobals) = postSolution
		SolutionGuid = {E5567D95-F506-48CA-9140-6897E43123E1}
	EndGlobalSection
EndGlobal
